
Microsoft Visual Studio Solution File, Format Version 12.00
# Visual Studio Version 17
VisualStudioVersion = 17.14.36518.9 d17.14
MinimumVisualStudioVersion = 10.0.40219.1
Project("{FAE04EC0-301F-11D3-BF4B-00C04F79EFBC}") = "PetCareManagement.Api", "PetCarManagement.Api\PetCareManagement.Api.csproj", "{E0E45270-781F-4031-8B2A-4B40D3C54FBA}"
EndProject
Project("{FAE04EC0-301F-11D3-BF4B-00C04F79EFBC}") = "PetCareManagement.Domain", "PatCareManagement.Domain\PetCareManagement.Domain.csproj", "{EDDC2C70-9B82-4AA6-B4F8-1E3B48088156}"
EndProject
Project("{FAE04EC0-301F-11D3-BF4B-00C04F79EFBC}") = "PetCareManagement.Application", "PatCareManagement.Application\PetCareManagement.Application.csproj", "{648EEEF9-DB35-488D-B300-B6B9A7B9C5C2}"
EndProject
Project("{FAE04EC0-301F-11D3-BF4B-00C04F79EFBC}") = "PetCareManagement.Infrastucture", "PatCareManagement.Infrastucture\PetCareManagement.Infrastucture.csproj", "{E1DD4DBF-3183-447A-88A0-7132711405E4}"
EndProject
Global
	GlobalSection(SolutionConfigurationPlatforms) = preSolution
		Debug|Any CPU = Debug|Any CPU
		Release|Any CPU = Release|Any CPU
	EndGlobalSection
	GlobalSection(ProjectConfigurationPlatforms) = postSolution
		{E0E45270-781F-4031-8B2A-4B40D3C54FBA}.Debug|Any CPU.ActiveCfg = Debug|Any CPU
		{E0E45270-781F-4031-8B2A-4B40D3C54FBA}.Debug|Any CPU.Build.0 = Debug|Any CPU
		{E0E45270-781F-4031-8B2A-4B40D3C54FBA}.Release|Any CPU.ActiveCfg = Release|Any CPU
		{E0E45270-781F-4031-8B2A-4B40D3C54FBA}.Release|Any CPU.Build.0 = Release|Any CPU
		{EDDC2C70-9B82-4AA6-B4F8-1E3B48088156}.Debug|Any CPU.ActiveCfg = Debug|Any CPU
		{EDDC2C70-9B82-4AA6-B4F8-1E3B48088156}.Debug|Any CPU.Build.0 = Debug|Any CPU
		{EDDC2C70-9B82-4AA6-B4F8-1E3B48088156}.Release|Any CPU.ActiveCfg = Release|Any CPU
		{EDDC2C70-9B82-4AA6-B4F8-1E3B48088156}.Release|Any CPU.Build.0 = Release|Any CPU
		{648EEEF9-DB35-488D-B300-B6B9A7B9C5C2}.Debug|Any CPU.ActiveCfg = Debug|Any CPU
		{648EEEF9-DB35-488D-B300-B6B9A7B9C5C2}.Debug|Any CPU.Build.0 = Debug|Any CPU
		{648EEEF9-DB35-488D-B300-B6B9A7B9C5C2}.Release|Any CPU.ActiveCfg = Release|Any CPU
		{648EEEF9-DB35-488D-B300-B6B9A7B9C5C2}.Release|Any CPU.Build.0 = Release|Any CPU
		{E1DD4DBF-3183-447A-88A0-7132711405E4}.Debug|Any CPU.ActiveCfg = Debug|Any CPU
		{E1DD4DBF-3183-447A-88A0-7132711405E4}.Debug|Any CPU.Build.0 = Debug|Any CPU
		{E1DD4DBF-3183-447A-88A0-7132711405E4}.Release|Any CPU.ActiveCfg = Release|Any CPU
		{E1DD4DBF-3183-447A-88A0-7132711405E4}.Release|Any CPU.Build.0 = Release|Any CPU
	EndGlobalSection
	GlobalSection(SolutionProperties) = preSolution
		HideSolutionNode = FALSE
	EndGlobalSection
	GlobalSection(ExtensibilityGlobals) = postSolution
		SolutionGuid = {B14E15B1-0933-4928-B08C-133FD783EE52}
	EndGlobalSection
EndGlobal
